
Microsoft Visual Studio Solution File, Format Version 12.00
# Visual Studio Version 17
VisualStudioVersion = 17.8.34309.116
MinimumVisualStudioVersion = 10.0.40219.1
Project("{8BC9CEB8-8B4A-11D0-8D11-00A0C91BC942}") = "Assigment 7", "Assigment 7\Assigment 7.vcxproj", "{2D29C666-4E9A-4346-83EA-0929528F4191}"
EndProject
Global
	GlobalSection(SolutionConfigurationPlatforms) = preSolution
		Debug|x64 = Debug|x64
		Debug|x86 = Debug|x86
		Release|x64 = Release|x64
		Release|x86 = Release|x86
	EndGlobalSection
	GlobalSection(ProjectConfigurationPlatforms) = postSolution
		{2D29C666-4E9A-4346-83EA-0929528F4191}.Debug|x64.ActiveCfg = Debug|x64
		{2D29C666-4E9A-4346-83EA-0929528F4191}.Debug|x64.Build.0 = Debug|x64
		{2D29C666-4E9A-4346-83EA-0929528F4191}.Debug|x86.ActiveCfg = Debug|Win32
		{2D29C666-4E9A-4346-83EA-0929528F4191}.Debug|x86.Build.0 = Debug|Win32
		{2D29C666-4E9A-4346-83EA-0929528F4191}.Release|x64.ActiveCfg = Release|x64
		{2D29C666-4E9A-4346-83EA-0929528F4191}.Release|x64.Build.0 = Release|x64
		{2D29C666-4E9A-4346-83EA-0929528F4191}.Release|x86.ActiveCfg = Release|Win32
		{2D29C666-4E9A-4346-83EA-0929528F4191}.Release|x86.Build.0 = Release|Win32
	EndGlobalSection
	GlobalSection(SolutionProperties) = preSolution
		HideSolutionNode = FALSE
	EndGlobalSection
	GlobalSection(ExtensibilityGlobals) = postSolution
		SolutionGuid = {607C9607-077C-4BB7-AABC-9186223BE7AA}
	EndGlobalSection
EndGlobal
